
Microsoft Visual Studio Solution File, Format Version 12.00
# Visual Studio Version 17
VisualStudioVersion = 17.9.34723.18
MinimumVisualStudioVersion = 10.0.40219.1
Project("{FAE04EC0-301F-11D3-BF4B-00C04F79EFBC}") = "AuthorizationService", "AuthorizationService\AuthorizationService.csproj", "{2DE586B7-2A0C-40C0-8A8F-10ECCB307398}"
EndProject
Global
	GlobalSection(SolutionConfigurationPlatforms) = preSolution
		Debug|Any CPU = Debug|Any CPU
		Release|Any CPU = Release|Any CPU
	EndGlobalSection
	GlobalSection(ProjectConfigurationPlatforms) = postSolution
		{2DE586B7-2A0C-40C0-8A8F-10ECCB307398}.Debug|Any CPU.ActiveCfg = Debug|Any CPU
		{2DE586B7-2A0C-40C0-8A8F-10ECCB307398}.Debug|Any CPU.Build.0 = Debug|Any CPU
		{2DE586B7-2A0C-40C0-8A8F-10ECCB307398}.Release|Any CPU.ActiveCfg = Release|Any CPU
		{2DE586B7-2A0C-40C0-8A8F-10ECCB307398}.Release|Any CPU.Build.0 = Release|Any CPU
	EndGlobalSection
	GlobalSection(SolutionProperties) = preSolution
		HideSolutionNode = FALSE
	EndGlobalSection
	GlobalSection(ExtensibilityGlobals) = postSolution
		SolutionGuid = {749DE07E-04F6-4FB8-B25C-85F1F611167D}
	EndGlobalSection
EndGlobal
